// !$*UTF8*$!
{
	archiveVersion = 1;
	classes = {
	};
	objectVersion = 46;
	objects = {

/* Begin PBXBuildFile section */
		911F9D891B1EEA2A009124DB /* ButtonViewController.m in Sources */ = {isa = PBXBuildFile; fileRef = 911F9D881B1EEA2A009124DB /* ButtonViewController.m */; };
		911F9D8C1B1EEA7E009124DB /* FlatButton.m in Sources */ = {isa = PBXBuildFile; fileRef = 911F9D8B1B1EEA7E009124DB /* FlatButton.m */; };
		911F9D8F1B1EF0C4009124DB /* UIColor+CustomColors.m in Sources */ = {isa = PBXBuildFile; fileRef = 911F9D8E1B1EF0C4009124DB /* UIColor+CustomColors.m */; };
		911F9E011B2045AE009124DB /* SkidViewController.m in Sources */ = {isa = PBXBuildFile; fileRef = 911F9E001B2045AE009124DB /* SkidViewController.m */; };
		911F9EE51B217BAD009124DB /* CrossViewController.m in Sources */ = {isa = PBXBuildFile; fileRef = 911F9EE41B217BAD009124DB /* CrossViewController.m */; };
		911F9EE81B217C95009124DB /* PaperButton.m in Sources */ = {isa = PBXBuildFile; fileRef = 911F9EE71B217C95009124DB /* PaperButton.m */; };
		9142909D1B1BFB2A0047B51B /* main.m in Sources */ = {isa = PBXBuildFile; fileRef = 9142909C1B1BFB2A0047B51B /* main.m */; };
		914290A01B1BFB2A0047B51B /* AppDelegate.m in Sources */ = {isa = PBXBuildFile; fileRef = 9142909F1B1BFB2A0047B51B /* AppDelegate.m */; };
		914290A31B1BFB2A0047B51B /* ViewController.m in Sources */ = {isa = PBXBuildFile; fileRef = 914290A21B1BFB2A0047B51B /* ViewController.m */; };
		914290A61B1BFB2A0047B51B /* Main.storyboard in Resources */ = {isa = PBXBuildFile; fileRef = 914290A41B1BFB2A0047B51B /* Main.storyboard */; };
		914290A81B1BFB2A0047B51B /* Images.xcassets in Resources */ = {isa = PBXBuildFile; fileRef = 914290A71B1BFB2A0047B51B /* Images.xcassets */; };
		914290AB1B1BFB2A0047B51B /* LaunchScreen.xib in Resources */ = {isa = PBXBuildFile; fileRef = 914290A91B1BFB2A0047B51B /* LaunchScreen.xib */; };
		914290B71B1BFB2A0047B51B /* popTestTests.m in Sources */ = {isa = PBXBuildFile; fileRef = 914290B61B1BFB2A0047B51B /* popTestTests.m */; };
		915D05201B427B8D002B4297 /* Graphics.m in Sources */ = {isa = PBXBuildFile; fileRef = 915D051F1B427B8D002B4297 /* Graphics.m */; };
		915D05231B427D67002B4297 /* BasicView.m in Sources */ = {isa = PBXBuildFile; fileRef = 915D05221B427D67002B4297 /* BasicView.m */; };
		915D05271B438BE8002B4297 /* Beisaier.m in Sources */ = {isa = PBXBuildFile; fileRef = 915D05261B438BE8002B4297 /* Beisaier.m */; };
		91BC47DE1B26ECB000B4758C /* Password.m in Sources */ = {isa = PBXBuildFile; fileRef = 91BC47DD1B26ECB000B4758C /* Password.m */; };
		91BC47E11B26ECE400B4758C /* PasswordViewController.m in Sources */ = {isa = PBXBuildFile; fileRef = 91BC47E01B26ECE400B4758C /* PasswordViewController.m */; };
		A1104A5513CA2CDE3ED3AFFA /* libPods.a in Frameworks */ = {isa = PBXBuildFile; fileRef = 68C332A3E13FCB46A4F23D6E /* libPods.a */; };
/* End PBXBuildFile section */

/* Begin PBXContainerItemProxy section */
		914290B11B1BFB2A0047B51B /* PBXContainerItemProxy */ = {
			isa = PBXContainerItemProxy;
			containerPortal = 9142908F1B1BFB2A0047B51B /* Project object */;
			proxyType = 1;
			remoteGlobalIDString = 914290961B1BFB2A0047B51B;
			remoteInfo = popTest;
		};
/* End PBXContainerItemProxy section */

/* Begin PBXFileReference section */
		68C332A3E13FCB46A4F23D6E /* libPods.a */ = {isa = PBXFileReference; explicitFileType = archive.ar; includeInIndex = 0; path = libPods.a; sourceTree = BUILT_PRODUCTS_DIR; };
		6B814A8E84D3C161A22118F1 /* Pods.debug.xcconfig */ = {isa = PBXFileReference; includeInIndex = 1; lastKnownFileType = text.xcconfig; name = Pods.debug.xcconfig; path = "Pods/Target Support Files/Pods/Pods.debug.xcconfig"; sourceTree = "<group>"; };
		7B7A5C35D29A48CCA0164983 /* Pods.release.xcconfig */ = {isa = PBXFileReference; includeInIndex = 1; lastKnownFileType = text.xcconfig; name = Pods.release.xcconfig; path = "Pods/Target Support Files/Pods/Pods.release.xcconfig"; sourceTree = "<group>"; };
		911F9D871B1EEA2A009124DB /* ButtonViewController.h */ = {isa = PBXFileReference; fileEncoding = 4; lastKnownFileType = sourcecode.c.h; path = ButtonViewController.h; sourceTree = "<group>"; };
		911F9D881B1EEA2A009124DB /* ButtonViewController.m */ = {isa = PBXFileReference; fileEncoding = 4; lastKnownFileType = sourcecode.c.objc; path = ButtonViewController.m; sourceTree = "<group>"; };
		911F9D8A1B1EEA7E009124DB /* FlatButton.h */ = {isa = PBXFileReference; fileEncoding = 4; lastKnownFileType = sourcecode.c.h; path = FlatButton.h; sourceTree = "<group>"; };
		911F9D8B1B1EEA7E009124DB /* FlatButton.m */ = {isa = PBXFileReference; fileEncoding = 4; lastKnownFileType = sourcecode.c.objc; path = FlatButton.m; sourceTree = "<group>"; };
		911F9D8D1B1EF0C4009124DB /* UIColor+CustomColors.h */ = {isa = PBXFileReference; fileEncoding = 4; lastKnownFileType = sourcecode.c.h; path = "UIColor+CustomColors.h"; sourceTree = "<group>"; };
		911F9D8E1B1EF0C4009124DB /* UIColor+CustomColors.m */ = {isa = PBXFileReference; fileEncoding = 4; lastKnownFileType = sourcecode.c.objc; path = "UIColor+CustomColors.m"; sourceTree = "<group>"; };
		911F9DFF1B2045AE009124DB /* SkidViewController.h */ = {isa = PBXFileReference; fileEncoding = 4; lastKnownFileType = sourcecode.c.h; path = SkidViewController.h; sourceTree = "<group>"; };
		911F9E001B2045AE009124DB /* SkidViewController.m */ = {isa = PBXFileReference; fileEncoding = 4; lastKnownFileType = sourcecode.c.objc; path = SkidViewController.m; sourceTree = "<group>"; };
		911F9EE31B217BAD009124DB /* CrossViewController.h */ = {isa = PBXFileReference; fileEncoding = 4; lastKnownFileType = sourcecode.c.h; path = CrossViewController.h; sourceTree = "<group>"; };
		911F9EE41B217BAD009124DB /* CrossViewController.m */ = {isa = PBXFileReference; fileEncoding = 4; lastKnownFileType = sourcecode.c.objc; path = CrossViewController.m; sourceTree = "<group>"; };
		911F9EE61B217C95009124DB /* PaperButton.h */ = {isa = PBXFileReference; fileEncoding = 4; lastKnownFileType = sourcecode.c.h; path = PaperButton.h; sourceTree = "<group>"; };
		911F9EE71B217C95009124DB /* PaperButton.m */ = {isa = PBXFileReference; fileEncoding = 4; lastKnownFileType = sourcecode.c.objc; path = PaperButton.m; sourceTree = "<group>"; };
		914290971B1BFB2A0047B51B /* popTest.app */ = {isa = PBXFileReference; explicitFileType = wrapper.application; includeInIndex = 0; path = popTest.app; sourceTree = BUILT_PRODUCTS_DIR; };
		9142909B1B1BFB2A0047B51B /* Info.plist */ = {isa = PBXFileReference; lastKnownFileType = text.plist.xml; path = Info.plist; sourceTree = "<group>"; };
		9142909C1B1BFB2A0047B51B /* main.m */ = {isa = PBXFileReference; lastKnownFileType = sourcecode.c.objc; path = main.m; sourceTree = "<group>"; };
		9142909E1B1BFB2A0047B51B /* AppDelegate.h */ = {isa = PBXFileReference; lastKnownFileType = sourcecode.c.h; path = AppDelegate.h; sourceTree = "<group>"; };
		9142909F1B1BFB2A0047B51B /* AppDelegate.m */ = {isa = PBXFileReference; lastKnownFileType = sourcecode.c.objc; path = AppDelegate.m; sourceTree = "<group>"; };
		914290A11B1BFB2A0047B51B /* ViewController.h */ = {isa = PBXFileReference; lastKnownFileType = sourcecode.c.h; path = ViewController.h; sourceTree = "<group>"; };
		914290A21B1BFB2A0047B51B /* ViewController.m */ = {isa = PBXFileReference; lastKnownFileType = sourcecode.c.objc; path = ViewController.m; sourceTree = "<group>"; };
		914290A51B1BFB2A0047B51B /* Base */ = {isa = PBXFileReference; lastKnownFileType = file.storyboard; name = Base; path = Base.lproj/Main.storyboard; sourceTree = "<group>"; };
		914290A71B1BFB2A0047B51B /* Images.xcassets */ = {isa = PBXFileReference; lastKnownFileType = folder.assetcatalog; path = Images.xcassets; sourceTree = "<group>"; };
		914290AA1B1BFB2A0047B51B /* Base */ = {isa = PBXFileReference; lastKnownFileType = file.xib; name = Base; path = Base.lproj/LaunchScreen.xib; sourceTree = "<group>"; };
		914290B01B1BFB2A0047B51B /* popTestTests.xctest */ = {isa = PBXFileReference; explicitFileType = wrapper.cfbundle; includeInIndex = 0; path = popTestTests.xctest; sourceTree = BUILT_PRODUCTS_DIR; };
		914290B51B1BFB2A0047B51B /* Info.plist */ = {isa = PBXFileReference; lastKnownFileType = text.plist.xml; path = Info.plist; sourceTree = "<group>"; };
		914290B61B1BFB2A0047B51B /* popTestTests.m */ = {isa = PBXFileReference; lastKnownFileType = sourcecode.c.objc; path = popTestTests.m; sourceTree = "<group>"; };
		915D051E1B427B8D002B4297 /* Graphics.h */ = {isa = PBXFileReference; fileEncoding = 4; lastKnownFileType = sourcecode.c.h; path = Graphics.h; sourceTree = "<group>"; };
		915D051F1B427B8D002B4297 /* Graphics.m */ = {isa = PBXFileReference; fileEncoding = 4; lastKnownFileType = sourcecode.c.objc; path = Graphics.m; sourceTree = "<group>"; };
		915D05211B427D67002B4297 /* BasicView.h */ = {isa = PBXFileReference; fileEncoding = 4; lastKnownFileType = sourcecode.c.h; path = BasicView.h; sourceTree = "<group>"; };
		915D05221B427D67002B4297 /* BasicView.m */ = {isa = PBXFileReference; fileEncoding = 4; lastKnownFileType = sourcecode.c.objc; path = BasicView.m; sourceTree = "<group>"; };
		915D05251B438BE8002B4297 /* Beisaier.h */ = {isa = PBXFileReference; fileEncoding = 4; lastKnownFileType = sourcecode.c.h; path = Beisaier.h; sourceTree = "<group>"; };
		915D05261B438BE8002B4297 /* Beisaier.m */ = {isa = PBXFileReference; fileEncoding = 4; lastKnownFileType = sourcecode.c.objc; path = Beisaier.m; sourceTree = "<group>"; };
		91BC47DC1B26ECB000B4758C /* Password.h */ = {isa = PBXFileReference; fileEncoding = 4; lastKnownFileType = sourcecode.c.h; path = Password.h; sourceTree = "<group>"; };
		91BC47DD1B26ECB000B4758C /* Password.m */ = {isa = PBXFileReference; fileEncoding = 4; lastKnownFileType = sourcecode.c.objc; path = Password.m; sourceTree = "<group>"; };
		91BC47DF1B26ECE400B4758C /* PasswordViewController.h */ = {isa = PBXFileReference; fileEncoding = 4; lastKnownFileType = sourcecode.c.h; path = PasswordViewController.h; sourceTree = "<group>"; };
		91BC47E01B26ECE400B4758C /* PasswordViewController.m */ = {isa = PBXFileReference; fileEncoding = 4; lastKnownFileType = sourcecode.c.objc; path = PasswordViewController.m; sourceTree = "<group>"; };
/* End PBXFileReference section */

/* Begin PBXFrameworksBuildPhase section */
		914290941B1BFB2A0047B51B /* Frameworks */ = {
			isa = PBXFrameworksBuildPhase;
			buildActionMask = 2147483647;
			files = (
				A1104A5513CA2CDE3ED3AFFA /* libPods.a in Frameworks */,
			);
			runOnlyForDeploymentPostprocessing = 0;
		};
		914290AD1B1BFB2A0047B51B /* Frameworks */ = {
			isa = PBXFrameworksBuildPhase;
			buildActionMask = 2147483647;
			files = (
			);
			runOnlyForDeploymentPostprocessing = 0;
		};
/* End PBXFrameworksBuildPhase section */

/* Begin PBXGroup section */
		1BBF946507B8C63BEFDC22B7 /* Pods */ = {
			isa = PBXGroup;
			children = (
				6B814A8E84D3C161A22118F1 /* Pods.debug.xcconfig */,
				7B7A5C35D29A48CCA0164983 /* Pods.release.xcconfig */,
			);
			name = Pods;
			sourceTree = "<group>";
		};
		911F9DFE1B204561009124DB /* 侧滑 */ = {
			isa = PBXGroup;
			children = (
				911F9DFF1B2045AE009124DB /* SkidViewController.h */,
				911F9E001B2045AE009124DB /* SkidViewController.m */,
			);
			name = "侧滑";
			sourceTree = "<group>";
		};
		911F9EE21B217B8A009124DB /* 交叉btn */ = {
			isa = PBXGroup;
			children = (
				911F9EE31B217BAD009124DB /* CrossViewController.h */,
				911F9EE41B217BAD009124DB /* CrossViewController.m */,
				911F9EE61B217C95009124DB /* PaperButton.h */,
				911F9EE71B217C95009124DB /* PaperButton.m */,
			);
			name = "交叉btn";
			sourceTree = "<group>";
		};
		9142908E1B1BFB2A0047B51B = {
			isa = PBXGroup;
			children = (
				915D05241B438B9C002B4297 /* 贝塞尔曲线 */,
				915D051D1B427B00002B4297 /* 统计图 */,
				91BC47D81B26EAB100B4758C /* New Group */,
				911F9EE21B217B8A009124DB /* 交叉btn */,
				911F9DFE1B204561009124DB /* 侧滑 */,
				911F9D8D1B1EF0C4009124DB /* UIColor+CustomColors.h */,
				911F9D8E1B1EF0C4009124DB /* UIColor+CustomColors.m */,
				911F9D8A1B1EEA7E009124DB /* FlatButton.h */,
				911F9D8B1B1EEA7E009124DB /* FlatButton.m */,
				911F9D871B1EEA2A009124DB /* ButtonViewController.h */,
				911F9D881B1EEA2A009124DB /* ButtonViewController.m */,
				914290991B1BFB2A0047B51B /* popTest */,
				914290B31B1BFB2A0047B51B /* popTestTests */,
				914290981B1BFB2A0047B51B /* Products */,
				1BBF946507B8C63BEFDC22B7 /* Pods */,
				B5417C45048BD3D224AC6235 /* Frameworks */,
			);
			sourceTree = "<group>";
		};
		914290981B1BFB2A0047B51B /* Products */ = {
			isa = PBXGroup;
			children = (
				914290971B1BFB2A0047B51B /* popTest.app */,
				914290B01B1BFB2A0047B51B /* popTestTests.xctest */,
			);
			name = Products;
			sourceTree = "<group>";
		};
		914290991B1BFB2A0047B51B /* popTest */ = {
			isa = PBXGroup;
			children = (
				9142909E1B1BFB2A0047B51B /* AppDelegate.h */,
				9142909F1B1BFB2A0047B51B /* AppDelegate.m */,
				914290A11B1BFB2A0047B51B /* ViewController.h */,
				914290A21B1BFB2A0047B51B /* ViewController.m */,
				914290A41B1BFB2A0047B51B /* Main.storyboard */,
				914290A71B1BFB2A0047B51B /* Images.xcassets */,
				914290A91B1BFB2A0047B51B /* LaunchScreen.xib */,
				9142909A1B1BFB2A0047B51B /* Supporting Files */,
			);
			path = popTest;
			sourceTree = "<group>";
		};
		9142909A1B1BFB2A0047B51B /* Supporting Files */ = {
			isa = PBXGroup;
			children = (
				9142909B1B1BFB2A0047B51B /* Info.plist */,
				9142909C1B1BFB2A0047B51B /* main.m */,
			);
			name = "Supporting Files";
			sourceTree = "<group>";
		};
		914290B31B1BFB2A0047B51B /* popTestTests */ = {
			isa = PBXGroup;
			children = (
				914290B61B1BFB2A0047B51B /* popTestTests.m */,
				914290B41B1BFB2A0047B51B /* Supporting Files */,
			);
			path = popTestTests;
			sourceTree = "<group>";
		};
		914290B41B1BFB2A0047B51B /* Supporting Files */ = {
			isa = PBXGroup;
			children = (
				914290B51B1BFB2A0047B51B /* Info.plist */,
			);
			name = "Supporting Files";
			sourceTree = "<group>";
		};
		915D051D1B427B00002B4297 /* 统计图 */ = {
			isa = PBXGroup;
			children = (
				915D051E1B427B8D002B4297 /* Graphics.h */,
				915D051F1B427B8D002B4297 /* Graphics.m */,
				915D05211B427D67002B4297 /* BasicView.h */,
				915D05221B427D67002B4297 /* BasicView.m */,
			);
			name = "统计图";
			sourceTree = "<group>";
		};
		915D05241B438B9C002B4297 /* 贝塞尔曲线 */ = {
			isa = PBXGroup;
			children = (
				915D05251B438BE8002B4297 /* Beisaier.h */,
				915D05261B438BE8002B4297 /* Beisaier.m */,
			);
			name = "贝塞尔曲线";
			sourceTree = "<group>";
		};
		91BC47D81B26EAB100B4758C /* New Group */ = {
			isa = PBXGroup;
			children = (
				91BC47DC1B26ECB000B4758C /* Password.h */,
				91BC47DD1B26ECB000B4758C /* Password.m */,
				91BC47DF1B26ECE400B4758C /* PasswordViewController.h */,
				91BC47E01B26ECE400B4758C /* PasswordViewController.m */,
			);
			name = "New Group";
			sourceTree = "<group>";
		};
		B5417C45048BD3D224AC6235 /* Frameworks */ = {
			isa = PBXGroup;
			children = (
				68C332A3E13FCB46A4F23D6E /* libPods.a */,
			);
			name = Frameworks;
			sourceTree = "<group>";
		};
/* End PBXGroup section */

/* Begin PBXNativeTarget section */
		914290961B1BFB2A0047B51B /* popTest */ = {
			isa = PBXNativeTarget;
			buildConfigurationList = 914290BA1B1BFB2A0047B51B /* Build configuration list for PBXNativeTarget "popTest" */;
			buildPhases = (
				E4A9364967E4DD1D87DE9C06 /* Check Pods Manifest.lock */,
				914290931B1BFB2A0047B51B /* Sources */,
				914290941B1BFB2A0047B51B /* Frameworks */,
				914290951B1BFB2A0047B51B /* Resources */,
				345262A842B6B473B8A8B234 /* Copy Pods Resources */,
			);
			buildRules = (
			);
			dependencies = (
			);
			name = popTest;
			productName = popTest;
			productReference = 914290971B1BFB2A0047B51B /* popTest.app */;
			productType = "com.apple.product-type.application";
		};
		914290AF1B1BFB2A0047B51B /* popTestTests */ = {
			isa = PBXNativeTarget;
			buildConfigurationList = 914290BD1B1BFB2A0047B51B /* Build configuration list for PBXNativeTarget "popTestTests" */;
			buildPhases = (
				914290AC1B1BFB2A0047B51B /* Sources */,
				914290AD1B1BFB2A0047B51B /* Frameworks */,
				914290AE1B1BFB2A0047B51B /* Resources */,
			);
			buildRules = (
			);
			dependencies = (
				914290B21B1BFB2A0047B51B /* PBXTargetDependency */,
			);
			name = popTestTests;
			productName = popTestTests;
			productReference = 914290B01B1BFB2A0047B51B /* popTestTests.xctest */;
			productType = "com.apple.product-type.bundle.unit-test";
		};
/* End PBXNativeTarget section */

/* Begin PBXProject section */
		9142908F1B1BFB2A0047B51B /* Project object */ = {
			isa = PBXProject;
			attributes = {
				LastUpgradeCheck = 0630;
				ORGANIZATIONNAME = zhisu;
				TargetAttributes = {
					914290961B1BFB2A0047B51B = {
						CreatedOnToolsVersion = 6.3.2;
					};
					914290AF1B1BFB2A0047B51B = {
						CreatedOnToolsVersion = 6.3.2;
						TestTargetID = 914290961B1BFB2A0047B51B;
					};
				};
			};
			buildConfigurationList = 914290921B1BFB2A0047B51B /* Build configuration list for PBXProject "popTest" */;
			compatibilityVersion = "Xcode 3.2";
			developmentRegion = English;
			hasScannedForEncodings = 0;
			knownRegions = (
				en,
				Base,
			);
			mainGroup = 9142908E1B1BFB2A0047B51B;
			productRefGroup = 914290981B1BFB2A0047B51B /* Products */;
			projectDirPath = "";
			projectRoot = "";
			targets = (
				914290961B1BFB2A0047B51B /* popTest */,
				914290AF1B1BFB2A0047B51B /* popTestTests */,
			);
		};
/* End PBXProject section */

/* Begin PBXResourcesBuildPhase section */
		914290951B1BFB2A0047B51B /* Resources */ = {
			isa = PBXResourcesBuildPhase;
			buildActionMask = 2147483647;
			files = (
				914290A61B1BFB2A0047B51B /* Main.storyboard in Resources */,
				914290AB1B1BFB2A0047B51B /* LaunchScreen.xib in Resources */,
				914290A81B1BFB2A0047B51B /* Images.xcassets in Resources */,
			);
			runOnlyForDeploymentPostprocessing = 0;
		};
		914290AE1B1BFB2A0047B51B /* Resources */ = {
			isa = PBXResourcesBuildPhase;
			buildActionMask = 2147483647;
			files = (
			);
			runOnlyForDeploymentPostprocessing = 0;
		};
/* End PBXResourcesBuildPhase section */

/* Begin PBXShellScriptBuildPhase section */
		345262A842B6B473B8A8B234 /* Copy Pods Resources */ = {
			isa = PBXShellScriptBuildPhase;
			buildActionMask = 2147483647;
			files = (
			);
			inputPaths = (
			);
			name = "Copy Pods Resources";
			outputPaths = (
			);
			runOnlyForDeploymentPostprocessing = 0;
			shellPath = /bin/sh;
			shellScript = "\"${SRCROOT}/Pods/Target Support Files/Pods/Pods-resources.sh\"\n";
			showEnvVarsInLog = 0;
		};
		E4A9364967E4DD1D87DE9C06 /* Check Pods Manifest.lock */ = {
			isa = PBXShellScriptBuildPhase;
			buildActionMask = 2147483647;
			files = (
			);
			inputPaths = (
			);
			name = "Check Pods Manifest.lock";
			outputPaths = (
			);
			runOnlyForDeploymentPostprocessing = 0;
			shellPath = /bin/sh;
			shellScript = "diff \"${PODS_ROOT}/../Podfile.lock\" \"${PODS_ROOT}/Manifest.lock\" > /dev/null\nif [[ $? != 0 ]] ; then\n    cat << EOM\nerror: The sandbox is not in sync with the Podfile.lock. Run 'pod install' or update your CocoaPods installation.\nEOM\n    exit 1\nfi\n";
			showEnvVarsInLog = 0;
		};
/* End PBXShellScriptBuildPhase section */

/* Begin PBXSourcesBuildPhase section */
		914290931B1BFB2A0047B51B /* Sources */ = {
			isa = PBXSourcesBuildPhase;
			buildActionMask = 2147483647;
			files = (
				911F9D8F1B1EF0C4009124DB /* UIColor+CustomColors.m in Sources */,
				91BC47E11B26ECE400B4758C /* PasswordViewController.m in Sources */,
				911F9EE51B217BAD009124DB /* CrossViewController.m in Sources */,
				915D05231B427D67002B4297 /* BasicView.m in Sources */,
				911F9EE81B217C95009124DB /* PaperButton.m in Sources */,
				911F9D891B1EEA2A009124DB /* ButtonViewController.m in Sources */,
				914290A31B1BFB2A0047B51B /* ViewController.m in Sources */,
				914290A01B1BFB2A0047B51B /* AppDelegate.m in Sources */,
				911F9E011B2045AE009124DB /* SkidViewController.m in Sources */,
				9142909D1B1BFB2A0047B51B /* main.m in Sources */,
				91BC47DE1B26ECB000B4758C /* Password.m in Sources */,
				915D05201B427B8D002B4297 /* Graphics.m in Sources */,
				911F9D8C1B1EEA7E009124DB /* FlatButton.m in Sources */,
				915D05271B438BE8002B4297 /* Beisaier.m in Sources */,
			);
			runOnlyForDeploymentPostprocessing = 0;
		};
		914290AC1B1BFB2A0047B51B /* Sources */ = {
			isa = PBXSourcesBuildPhase;
			buildActionMask = 2147483647;
			files = (
				914290B71B1BFB2A0047B51B /* popTestTests.m in Sources */,
			);
			runOnlyForDeploymentPostprocessing = 0;
		};
/* End PBXSourcesBuildPhase section */

/* Begin PBXTargetDependency section */
		914290B21B1BFB2A0047B51B /* PBXTargetDependency */ = {
			isa = PBXTargetDependency;
			target = 914290961B1BFB2A0047B51B /* popTest */;
			targetProxy = 914290B11B1BFB2A0047B51B /* PBXContainerItemProxy */;
		};
/* End PBXTargetDependency section */

/* Begin PBXVariantGroup section */
		914290A41B1BFB2A0047B51B /* Main.storyboard */ = {
			isa = PBXVariantGroup;
			children = (
				914290A51B1BFB2A0047B51B /* Base */,
			);
			name = Main.storyboard;
			sourceTree = "<group>";
		};
		914290A91B1BFB2A0047B51B /* LaunchScreen.xib */ = {
			isa = PBXVariantGroup;
			children = (
				914290AA1B1BFB2A0047B51B /* Base */,
			);
			name = LaunchScreen.xib;
			sourceTree = "<group>";
		};
/* End PBXVariantGroup section */

/* Begin XCBuildConfiguration section */
		914290B81B1BFB2A0047B51B /* Debug */ = {
			isa = XCBuildConfiguration;
			buildSettings = {
				ALWAYS_SEARCH_USER_PATHS = NO;
				CLANG_CXX_LANGUAGE_STANDARD = "gnu++0x";
				CLANG_CXX_LIBRARY = "libc++";
				CLANG_ENABLE_MODULES = YES;
				CLANG_ENABLE_OBJC_ARC = YES;
				CLANG_WARN_BOOL_CONVERSION = YES;
				CLANG_WARN_CONSTANT_CONVERSION = YES;
				CLANG_WARN_DIRECT_OBJC_ISA_USAGE = YES_ERROR;
				CLANG_WARN_EMPTY_BODY = YES;
				CLANG_WARN_ENUM_CONVERSION = YES;
				CLANG_WARN_INT_CONVERSION = YES;
				CLANG_WARN_OBJC_ROOT_CLASS = YES_ERROR;
				CLANG_WARN_UNREACHABLE_CODE = YES;
				CLANG_WARN__DUPLICATE_METHOD_MATCH = YES;
				"CODE_SIGN_IDENTITY[sdk=iphoneos*]" = "iPhone Developer";
				COPY_PHASE_STRIP = NO;
				DEBUG_INFORMATION_FORMAT = "dwarf-with-dsym";
				ENABLE_STRICT_OBJC_MSGSEND = YES;
				GCC_C_LANGUAGE_STANDARD = gnu99;
				GCC_DYNAMIC_NO_PIC = NO;
				GCC_NO_COMMON_BLOCKS = YES;
				GCC_OPTIMIZATION_LEVEL = 0;
				GCC_PREPROCESSOR_DEFINITIONS = (
					"DEBUG=1",
					"$(inherited)",
				);
				GCC_SYMBOLS_PRIVATE_EXTERN = NO;
				GCC_WARN_64_TO_32_BIT_CONVERSION = YES;
				GCC_WARN_ABOUT_RETURN_TYPE = YES_ERROR;
				GCC_WARN_UNDECLARED_SELECTOR = YES;
				GCC_WARN_UNINITIALIZED_AUTOS = YES_AGGRESSIVE;
				GCC_WARN_UNUSED_FUNCTION = YES;
				GCC_WARN_UNUSED_VARIABLE = YES;
				IPHONEOS_DEPLOYMENT_TARGET = 8.3;
				MTL_ENABLE_DEBUG_INFO = YES;
				ONLY_ACTIVE_ARCH = YES;
				SDKROOT = iphoneos;
			};
			name = Debug;
		};
		914290B91B1BFB2A0047B51B /* Release */ = {
			isa = XCBuildConfiguration;
			buildSettings = {
				ALWAYS_SEARCH_USER_PATHS = NO;
				CLANG_CXX_LANGUAGE_STANDARD = "gnu++0x";
				CLANG_CXX_LIBRARY = "libc++";
				CLANG_ENABLE_MODULES = YES;
				CLANG_ENABLE_OBJC_ARC = YES;
				CLANG_WARN_BOOL_CONVERSION = YES;
				CLANG_WARN_CONSTANT_CONVERSION = YES;
				CLANG_WARN_DIRECT_OBJC_ISA_USAGE = YES_ERROR;
				CLANG_WARN_EMPTY_BODY = YES;
				CLANG_WARN_ENUM_CONVERSION = YES;
				CLANG_WARN_INT_CONVERSION = YES;
				CLANG_WARN_OBJC_ROOT_CLASS = YES_ERROR;
				CLANG_WARN_UNREACHABLE_CODE = YES;
				CLANG_WARN__DUPLICATE_METHOD_MATCH = YES;
				"CODE_SIGN_IDENTITY[sdk=iphoneos*]" = "iPhone Developer";
				COPY_PHASE_STRIP = NO;
				DEBUG_INFORMATION_FORMAT = "dwarf-with-dsym";
				ENABLE_NS_ASSERTIONS = NO;
				ENABLE_STRICT_OBJC_MSGSEND = YES;
				GCC_C_LANGUAGE_STANDARD = gnu99;
				GCC_NO_COMMON_BLOCKS = YES;
				GCC_WARN_64_TO_32_BIT_CONVERSION = YES;
				GCC_WARN_ABOUT_RETURN_TYPE = YES_ERROR;
				GCC_WARN_UNDECLARED_SELECTOR = YES;
				GCC_WARN_UNINITIALIZED_AUTOS = YES_AGGRESSIVE;
				GCC_WARN_UNUSED_FUNCTION = YES;
				GCC_WARN_UNUSED_VARIABLE = YES;
				IPHONEOS_DEPLOYMENT_TARGET = 8.3;
				MTL_ENABLE_DEBUG_INFO = NO;
				SDKROOT = iphoneos;
				VALIDATE_PRODUCT = YES;
			};
			name = Release;
		};
		914290BB1B1BFB2A0047B51B /* Debug */ = {
			isa = XCBuildConfiguration;
			baseConfigurationReference = 6B814A8E84D3C161A22118F1 /* Pods.debug.xcconfig */;
			buildSettings = {
				ASSETCATALOG_COMPILER_APPICON_NAME = AppIcon;
				INFOPLIST_FILE = popTest/Info.plist;
				LD_RUNPATH_SEARCH_PATHS = "$(inherited) @executable_path/Frameworks";
				PRODUCT_NAME = "$(TARGET_NAME)";
			};
			name = Debug;
		};
		914290BC1B1BFB2A0047B51B /* Release */ = {
			isa = XCBuildConfiguration;
			baseConfigurationReference = 7B7A5C35D29A48CCA0164983 /* Pods.release.xcconfig */;
			buildSettings = {
				ASSETCATALOG_COMPILER_APPICON_NAME = AppIcon;
				INFOPLIST_FILE = popTest/Info.plist;
				LD_RUNPATH_SEARCH_PATHS = "$(inherited) @executable_path/Frameworks";
				PRODUCT_NAME = "$(TARGET_NAME)";
			};
			name = Release;
		};
		914290BE1B1BFB2A0047B51B /* Debug */ = {
			isa = XCBuildConfiguration;
			buildSettings = {
				BUNDLE_LOADER = "$(TEST_HOST)";
				FRAMEWORK_SEARCH_PATHS = (
					"$(SDKROOT)/Developer/Library/Frameworks",
					"$(inherited)",
				);
				GCC_PREPROCESSOR_DEFINITIONS = (
					"DEBUG=1",
					"$(inherited)",
				);
				INFOPLIST_FILE = popTestTests/Info.plist;
				LD_RUNPATH_SEARCH_PATHS = "$(inherited) @executable_path/Frameworks @loader_path/Frameworks";
				PRODUCT_NAME = "$(TARGET_NAME)";
				TEST_HOST = "$(BUILT_PRODUCTS_DIR)/popTest.app/popTest";
			};
			name = Debug;
		};
		914290BF1B1BFB2A0047B51B /* Release */ = {
			isa = XCBuildConfiguration;
			buildSettings = {
				BUNDLE_LOADER = "$(TEST_HOST)";
				FRAMEWORK_SEARCH_PATHS = (
					"$(SDKROOT)/Developer/Library/Frameworks",
					"$(inherited)",
				);
				INFOPLIST_FILE = popTestTests/Info.plist;
				LD_RUNPATH_SEARCH_PATHS = "$(inherited) @executable_path/Frameworks @loader_path/Frameworks";
				PRODUCT_NAME = "$(TARGET_NAME)";
				TEST_HOST = "$(BUILT_PRODUCTS_DIR)/popTest.app/popTest";
			};
			name = Release;
		};
/* End XCBuildConfiguration section */

/* Begin XCConfigurationList section */
		914290921B1BFB2A0047B51B /* Build configuration list for PBXProject "popTest" */ = {
			isa = XCConfigurationList;
			buildConfigurations = (
				914290B81B1BFB2A0047B51B /* Debug */,
				914290B91B1BFB2A0047B51B /* Release */,
			);
			defaultConfigurationIsVisible = 0;
			defaultConfigurationName = Release;
		};
		914290BA1B1BFB2A0047B51B /* Build configuration list for PBXNativeTarget "popTest" */ = {
			isa = XCConfigurationList;
			buildConfigurations = (
				914290BB1B1BFB2A0047B51B /* Debug */,
				914290BC1B1BFB2A0047B51B /* Release */,
			);
			defaultConfigurationIsVisible = 0;
			defaultConfigurationName = Release;
		};
		914290BD1B1BFB2A0047B51B /* Build configuration list for PBXNativeTarget "popTestTests" */ = {
			isa = XCConfigurationList;
			buildConfigurations = (
				914290BE1B1BFB2A0047B51B /* Debug */,
				914290BF1B1BFB2A0047B51B /* Release */,
			);
			defaultConfigurationIsVisible = 0;
			defaultConfigurationName = Release;
		};
/* End XCConfigurationList section */
	};
	rootObject = 9142908F1B1BFB2A0047B51B /* Project object */;
}
